
Microsoft Visual Studio Solution File, Format Version 12.00
# Visual Studio Version 17
VisualStudioVersion = 17.7.34221.43
MinimumVisualStudioVersion = 10.0.40219.1
Project("{FAE04EC0-301F-11D3-BF4B-00C04F79EFBC}") = "APIFuncionariosIF", "APIFuncionariosIF\APIFuncionariosIF.csproj", "{145F5BE5-31DA-44C4-8B6E-4C49D9859C63}"
EndProject
Global
	GlobalSection(SolutionConfigurationPlatforms) = preSolution
		Debug|Any CPU = Debug|Any CPU
		Release|Any CPU = Release|Any CPU
	EndGlobalSection
	GlobalSection(ProjectConfigurationPlatforms) = postSolution
		{145F5BE5-31DA-44C4-8B6E-4C49D9859C63}.Debug|Any CPU.ActiveCfg = Debug|Any CPU
		{145F5BE5-31DA-44C4-8B6E-4C49D9859C63}.Debug|Any CPU.Build.0 = Debug|Any CPU
		{145F5BE5-31DA-44C4-8B6E-4C49D9859C63}.Release|Any CPU.ActiveCfg = Release|Any CPU
		{145F5BE5-31DA-44C4-8B6E-4C49D9859C63}.Release|Any CPU.Build.0 = Release|Any CPU
	EndGlobalSection
	GlobalSection(SolutionProperties) = preSolution
		HideSolutionNode = FALSE
	EndGlobalSection
	GlobalSection(ExtensibilityGlobals) = postSolution
		SolutionGuid = {B94E9966-64C1-4BDA-B43A-9D958A4376F4}
	EndGlobalSection
EndGlobal
